// !$*UTF8*$!
{
	archiveVersion = 1;
	classes = {
	};
	objectVersion = 60;
	objects = {

/* Begin PBXBuildFile section */
		AA000000000000000000000C /* HanwooPrototypeApp.swift in Sources */ = {isa = PBXBuildFile; fileRef = AA0000000000000000000007 /* HanwooPrototypeApp.swift */; };
		AA000000000000000000000D /* Assets.xcassets in Resources */ = {isa = PBXBuildFile; fileRef = AA0000000000000000000008 /* Assets.xcassets */; };
		AA0000000000000000000014 /* PrototypeStore+CalculationEngine.swift in Sources */ = {isa = PBXBuildFile; fileRef = AA0000000000000000000016 /* PrototypeStore+CalculationEngine.swift */; };
		AA0000000000000000000015 /* PrototypeStore+CorrectionEngine.swift in Sources */ = {isa = PBXBuildFile; fileRef = AA0000000000000000000017 /* PrototypeStore+CorrectionEngine.swift */; };
		AA0000000000000000000018 /* IngredientCatalog.swift in Sources */ = {isa = PBXBuildFile; fileRef = AA0000000000000000000019 /* IngredientCatalog.swift */; };
		AA000000000000000000001A /* RecommendationViews.swift in Sources */ = {isa = PBXBuildFile; fileRef = AA000000000000000000001B /* RecommendationViews.swift */; };
		AA000000000000000000001C /* SupabaseService.swift in Sources */ = {isa = PBXBuildFile; fileRef = AA000000000000000000001D /* SupabaseService.swift */; };
		AA000000000000000000001E /* DomainModels.swift in Sources */ = {isa = PBXBuildFile; fileRef = AA000000000000000000001F /* DomainModels.swift */; };
		AA0000000000000000000020 /* DesignSystem.swift in Sources */ = {isa = PBXBuildFile; fileRef = AA0000000000000000000021 /* DesignSystem.swift */; };
		FE0000000000000000001000 /* Formatting.swift in Sources */ = {isa = PBXBuildFile; fileRef = FE0000000000000000001001 /* Formatting.swift */; };
		FE0000000000000000001002 /* NutrientSupport.swift in Sources */ = {isa = PBXBuildFile; fileRef = FE0000000000000000001003 /* NutrientSupport.swift */; };
		FE0000000000000000001004 /* UserIngredientViews.swift in Sources */ = {isa = PBXBuildFile; fileRef = FE0000000000000000001005 /* UserIngredientViews.swift */; };
		FE0000000000000000001006 /* IngredientPickerViews.swift in Sources */ = {isa = PBXBuildFile; fileRef = FE0000000000000000001007 /* IngredientPickerViews.swift */; };
		FE0000000000000000001008 /* AuthViews.swift in Sources */ = {isa = PBXBuildFile; fileRef = FE0000000000000000001009 /* AuthViews.swift */; };
		FE000000000000000000100A /* HomeView.swift in Sources */ = {isa = PBXBuildFile; fileRef = FE000000000000000000100B /* HomeView.swift */; };
		FE000000000000000000100C /* AnalysisViews.swift in Sources */ = {isa = PBXBuildFile; fileRef = FE000000000000000000100D /* AnalysisViews.swift */; };
		FE000000000000000000100E /* DiaryViews.swift in Sources */ = {isa = PBXBuildFile; fileRef = FE000000000000000000100F /* DiaryViews.swift */; };
		FE0000000000000000001010 /* CommunityViews.swift in Sources */ = {isa = PBXBuildFile; fileRef = FE0000000000000000001011 /* CommunityViews.swift */; };
		FE0000000000000000001012 /* FarmView.swift in Sources */ = {isa = PBXBuildFile; fileRef = FE0000000000000000001013 /* FarmView.swift */; };
		FE0000000000000000001014 /* RegressionSuiteView.swift in Sources */ = {isa = PBXBuildFile; fileRef = FE0000000000000000001015 /* RegressionSuiteView.swift */; };
		FE0000000000000000001016 /* FormulaViews.swift in Sources */ = {isa = PBXBuildFile; fileRef = FE0000000000000000001017 /* FormulaViews.swift */; };
		FE0000000000000000001018 /* PrototypeStore.swift in Sources */ = {isa = PBXBuildFile; fileRef = FE0000000000000000001019 /* PrototypeStore.swift */; };
		FE000000000000000000101A /* PrototypeStore+Session.swift in Sources */ = {isa = PBXBuildFile; fileRef = FE000000000000000000101B /* PrototypeStore+Session.swift */; };
		FE000000000000000000101C /* PrototypeStore+Formula.swift in Sources */ = {isa = PBXBuildFile; fileRef = FE000000000000000000101D /* PrototypeStore+Formula.swift */; };
		FE000000000000000000101E /* PrototypeStore+Ingredient.swift in Sources */ = {isa = PBXBuildFile; fileRef = FE000000000000000000101F /* PrototypeStore+Ingredient.swift */; };
		FE0000000000000000001020 /* PrototypeStore+Community.swift in Sources */ = {isa = PBXBuildFile; fileRef = FE0000000000000000001021 /* PrototypeStore+Community.swift */; };
		FE0000000000000000001022 /* PrototypeStore+Diary.swift in Sources */ = {isa = PBXBuildFile; fileRef = FE0000000000000000001023 /* PrototypeStore+Diary.swift */; };
		FE0000000000000000001024 /* PrototypeStore+Regression.swift in Sources */ = {isa = PBXBuildFile; fileRef = FE0000000000000000001025 /* PrototypeStore+Regression.swift */; };
		FE0000000000000000001026 /* CalculationEngine.swift in Sources */ = {isa = PBXBuildFile; fileRef = FE0000000000000000001027 /* CalculationEngine.swift */; };
		FE0000000000000000001028 /* CorrectionEngine.swift in Sources */ = {isa = PBXBuildFile; fileRef = FE0000000000000000001029 /* CorrectionEngine.swift */; };
		FE000000000000000000102A /* Repositories.swift in Sources */ = {isa = PBXBuildFile; fileRef = FE000000000000000000102B /* Repositories.swift */; };
		FE000000000000000000102C /* RecommendationExplanation.swift in Sources */ = {isa = PBXBuildFile; fileRef = FE000000000000000000102D /* RecommendationExplanation.swift */; };
		TE00000000000000000000B1 /* TestSupport.swift in Sources */ = {isa = PBXBuildFile; fileRef = TE00000000000000000000F1 /* TestSupport.swift */; };
		TE00000000000000000000B2 /* CalculationEngineTests.swift in Sources */ = {isa = PBXBuildFile; fileRef = TE00000000000000000000F2 /* CalculationEngineTests.swift */; };
		TE00000000000000000000B3 /* ClassificationTests.swift in Sources */ = {isa = PBXBuildFile; fileRef = TE00000000000000000000F3 /* ClassificationTests.swift */; };
		TE00000000000000000000B4 /* CorrectionEngineTests.swift in Sources */ = {isa = PBXBuildFile; fileRef = TE00000000000000000000F4 /* CorrectionEngineTests.swift */; };
		TE00000000000000000000B5 /* RepositoryTests.swift in Sources */ = {isa = PBXBuildFile; fileRef = TE00000000000000000000F5 /* RepositoryTests.swift */; };
		FE000000000000000000102E /* SimulationWorkspaceView.swift in Sources */ = {isa = PBXBuildFile; fileRef = FE000000000000000000102F /* SimulationWorkspaceView.swift */; };
		FE0000000000000000001030 /* SettingsHelpView.swift in Sources */ = {isa = PBXBuildFile; fileRef = FE0000000000000000001031 /* SettingsHelpView.swift */; };
		FE0000000000000000001032 /* ExportService.swift in Sources */ = {isa = PBXBuildFile; fileRef = FE0000000000000000001033 /* ExportService.swift */; };
/* End PBXBuildFile section */

/* Begin PBXContainerItemProxy section */
		TE00000000000000000000C1 /* PBXContainerItemProxy */ = {
			isa = PBXContainerItemProxy;
			containerPortal = AA0000000000000000000001 /* Project object */;
			proxyType = 1;
			remoteGlobalIDString = AA0000000000000000000005;
			remoteInfo = HanwooPrototype;
		};
/* End PBXContainerItemProxy section */

/* Begin PBXFileReference section */
		AA0000000000000000000006 /* HanwooPrototype.app */ = {isa = PBXFileReference; explicitFileType = wrapper.application; includeInIndex = 0; path = HanwooPrototype.app; sourceTree = BUILT_PRODUCTS_DIR; };
		AA0000000000000000000007 /* HanwooPrototypeApp.swift */ = {isa = PBXFileReference; lastKnownFileType = sourcecode.swift; path = HanwooPrototypeApp.swift; sourceTree = "<group>"; };
		AA0000000000000000000008 /* Assets.xcassets */ = {isa = PBXFileReference; lastKnownFileType = folder.assetcatalog; path = Assets.xcassets; sourceTree = "<group>"; };
		AA0000000000000000000016 /* PrototypeStore+CalculationEngine.swift */ = {isa = PBXFileReference; lastKnownFileType = sourcecode.swift; path = "PrototypeStore+CalculationEngine.swift"; sourceTree = "<group>"; };
		AA0000000000000000000017 /* PrototypeStore+CorrectionEngine.swift */ = {isa = PBXFileReference; lastKnownFileType = sourcecode.swift; path = "PrototypeStore+CorrectionEngine.swift"; sourceTree = "<group>"; };
		AA0000000000000000000019 /* IngredientCatalog.swift */ = {isa = PBXFileReference; lastKnownFileType = sourcecode.swift; path = IngredientCatalog.swift; sourceTree = "<group>"; };
		AA000000000000000000001B /* RecommendationViews.swift */ = {isa = PBXFileReference; lastKnownFileType = sourcecode.swift; path = RecommendationViews.swift; sourceTree = "<group>"; };
		AA000000000000000000001D /* SupabaseService.swift */ = {isa = PBXFileReference; lastKnownFileType = sourcecode.swift; path = SupabaseService.swift; sourceTree = "<group>"; };
		AA000000000000000000001F /* DomainModels.swift */ = {isa = PBXFileReference; lastKnownFileType = sourcecode.swift; path = DomainModels.swift; sourceTree = "<group>"; };
		AA0000000000000000000021 /* DesignSystem.swift */ = {isa = PBXFileReference; lastKnownFileType = sourcecode.swift; path = DesignSystem.swift; sourceTree = "<group>"; };
		FE0000000000000000001001 /* Formatting.swift */ = {isa = PBXFileReference; lastKnownFileType = sourcecode.swift; path = "Formatting.swift"; sourceTree = "<group>"; };
		FE0000000000000000001003 /* NutrientSupport.swift */ = {isa = PBXFileReference; lastKnownFileType = sourcecode.swift; path = "NutrientSupport.swift"; sourceTree = "<group>"; };
		FE0000000000000000001005 /* UserIngredientViews.swift */ = {isa = PBXFileReference; lastKnownFileType = sourcecode.swift; path = "UserIngredientViews.swift"; sourceTree = "<group>"; };
		FE0000000000000000001007 /* IngredientPickerViews.swift */ = {isa = PBXFileReference; lastKnownFileType = sourcecode.swift; path = "IngredientPickerViews.swift"; sourceTree = "<group>"; };
		FE0000000000000000001009 /* AuthViews.swift */ = {isa = PBXFileReference; lastKnownFileType = sourcecode.swift; path = "AuthViews.swift"; sourceTree = "<group>"; };
		FE000000000000000000100B /* HomeView.swift */ = {isa = PBXFileReference; lastKnownFileType = sourcecode.swift; path = "HomeView.swift"; sourceTree = "<group>"; };
		FE000000000000000000100D /* AnalysisViews.swift */ = {isa = PBXFileReference; lastKnownFileType = sourcecode.swift; path = "AnalysisViews.swift"; sourceTree = "<group>"; };
		FE000000000000000000100F /* DiaryViews.swift */ = {isa = PBXFileReference; lastKnownFileType = sourcecode.swift; path = "DiaryViews.swift"; sourceTree = "<group>"; };
		FE0000000000000000001011 /* CommunityViews.swift */ = {isa = PBXFileReference; lastKnownFileType = sourcecode.swift; path = "CommunityViews.swift"; sourceTree = "<group>"; };
		FE0000000000000000001013 /* FarmView.swift */ = {isa = PBXFileReference; lastKnownFileType = sourcecode.swift; path = "FarmView.swift"; sourceTree = "<group>"; };
		FE0000000000000000001015 /* RegressionSuiteView.swift */ = {isa = PBXFileReference; lastKnownFileType = sourcecode.swift; path = "RegressionSuiteView.swift"; sourceTree = "<group>"; };
		FE0000000000000000001017 /* FormulaViews.swift */ = {isa = PBXFileReference; lastKnownFileType = sourcecode.swift; path = "FormulaViews.swift"; sourceTree = "<group>"; };
		FE0000000000000000001019 /* PrototypeStore.swift */ = {isa = PBXFileReference; lastKnownFileType = sourcecode.swift; path = "PrototypeStore.swift"; sourceTree = "<group>"; };
		FE000000000000000000101B /* PrototypeStore+Session.swift */ = {isa = PBXFileReference; lastKnownFileType = sourcecode.swift; path = "PrototypeStore+Session.swift"; sourceTree = "<group>"; };
		FE000000000000000000101D /* PrototypeStore+Formula.swift */ = {isa = PBXFileReference; lastKnownFileType = sourcecode.swift; path = "PrototypeStore+Formula.swift"; sourceTree = "<group>"; };
		FE000000000000000000101F /* PrototypeStore+Ingredient.swift */ = {isa = PBXFileReference; lastKnownFileType = sourcecode.swift; path = "PrototypeStore+Ingredient.swift"; sourceTree = "<group>"; };
		FE0000000000000000001021 /* PrototypeStore+Community.swift */ = {isa = PBXFileReference; lastKnownFileType = sourcecode.swift; path = "PrototypeStore+Community.swift"; sourceTree = "<group>"; };
		FE0000000000000000001023 /* PrototypeStore+Diary.swift */ = {isa = PBXFileReference; lastKnownFileType = sourcecode.swift; path = "PrototypeStore+Diary.swift"; sourceTree = "<group>"; };
		FE0000000000000000001025 /* PrototypeStore+Regression.swift */ = {isa = PBXFileReference; lastKnownFileType = sourcecode.swift; path = "PrototypeStore+Regression.swift"; sourceTree = "<group>"; };
		FE0000000000000000001027 /* CalculationEngine.swift */ = {isa = PBXFileReference; lastKnownFileType = sourcecode.swift; path = "CalculationEngine.swift"; sourceTree = "<group>"; };
		FE0000000000000000001029 /* CorrectionEngine.swift */ = {isa = PBXFileReference; lastKnownFileType = sourcecode.swift; path = "CorrectionEngine.swift"; sourceTree = "<group>"; };
		FE000000000000000000102B /* Repositories.swift */ = {isa = PBXFileReference; lastKnownFileType = sourcecode.swift; path = "Repositories.swift"; sourceTree = "<group>"; };
		FE000000000000000000102D /* RecommendationExplanation.swift */ = {isa = PBXFileReference; lastKnownFileType = sourcecode.swift; path = "RecommendationExplanation.swift"; sourceTree = "<group>"; };
		TE00000000000000000000F1 /* TestSupport.swift */ = {isa = PBXFileReference; lastKnownFileType = sourcecode.swift; path = TestSupport.swift; sourceTree = "<group>"; };
		TE00000000000000000000F2 /* CalculationEngineTests.swift */ = {isa = PBXFileReference; lastKnownFileType = sourcecode.swift; path = CalculationEngineTests.swift; sourceTree = "<group>"; };
		TE00000000000000000000F3 /* ClassificationTests.swift */ = {isa = PBXFileReference; lastKnownFileType = sourcecode.swift; path = ClassificationTests.swift; sourceTree = "<group>"; };
		TE00000000000000000000F4 /* CorrectionEngineTests.swift */ = {isa = PBXFileReference; lastKnownFileType = sourcecode.swift; path = CorrectionEngineTests.swift; sourceTree = "<group>"; };
		TE00000000000000000000F5 /* RepositoryTests.swift */ = {isa = PBXFileReference; lastKnownFileType = sourcecode.swift; path = RepositoryTests.swift; sourceTree = "<group>"; };
		TE00000000000000000000E0 /* HanwooPrototypeTests.xctest */ = {isa = PBXFileReference; explicitFileType = wrapper.cfbundle; includeInIndex = 0; path = HanwooPrototypeTests.xctest; sourceTree = BUILT_PRODUCTS_DIR; };
		FE000000000000000000102F /* SimulationWorkspaceView.swift */ = {isa = PBXFileReference; lastKnownFileType = sourcecode.swift; path = "SimulationWorkspaceView.swift"; sourceTree = "<group>"; };
		FE0000000000000000001031 /* SettingsHelpView.swift */ = {isa = PBXFileReference; lastKnownFileType = sourcecode.swift; path = "SettingsHelpView.swift"; sourceTree = "<group>"; };
		FE0000000000000000001033 /* ExportService.swift */ = {isa = PBXFileReference; lastKnownFileType = sourcecode.swift; path = "ExportService.swift"; sourceTree = "<group>"; };
/* End PBXFileReference section */

/* Begin PBXFrameworksBuildPhase section */
		AA000000000000000000000A /* Frameworks */ = {
			isa = PBXFrameworksBuildPhase;
			buildActionMask = 2147483647;
			files = (
			);
			runOnlyForDeploymentPostprocessing = 0;
		};
		TE00000000000000000000P2 /* Frameworks */ = {
			isa = PBXFrameworksBuildPhase;
			buildActionMask = 2147483647;
			files = (
			);
			runOnlyForDeploymentPostprocessing = 0;
		};
/* End PBXFrameworksBuildPhase section */

/* Begin PBXGroup section */
		AA0000000000000000000002 = {
			isa = PBXGroup;
			children = (
				AA0000000000000000000004 /* HanwooPrototype */,
				TE00000000000000000000G0 /* HanwooPrototypeTests */,
				AA0000000000000000000003 /* Products */,
			);
			sourceTree = "<group>";
		};
		AA0000000000000000000003 /* Products */ = {
			isa = PBXGroup;
			children = (
				AA0000000000000000000006 /* HanwooPrototype.app */,
				TE00000000000000000000E0 /* HanwooPrototypeTests.xctest */,
			);
			name = Products;
			sourceTree = "<group>";
		};
		AA0000000000000000000004 /* HanwooPrototype */ = {
			isa = PBXGroup;
			children = (
				AA0000000000000000000007 /* HanwooPrototypeApp.swift */,
				AA000000000000000000001F /* DomainModels.swift */,
				AA0000000000000000000021 /* DesignSystem.swift */,
				AA0000000000000000000016 /* PrototypeStore+CalculationEngine.swift */,
				AA0000000000000000000017 /* PrototypeStore+CorrectionEngine.swift */,
				AA0000000000000000000019 /* IngredientCatalog.swift */,
				AA000000000000000000001B /* RecommendationViews.swift */,
				AA000000000000000000001D /* SupabaseService.swift */,
				FE0000000000000000001001 /* Formatting.swift */,
				FE0000000000000000001003 /* NutrientSupport.swift */,
				FE0000000000000000001005 /* UserIngredientViews.swift */,
				FE0000000000000000001007 /* IngredientPickerViews.swift */,
				FE0000000000000000001009 /* AuthViews.swift */,
				FE000000000000000000100B /* HomeView.swift */,
				FE000000000000000000100D /* AnalysisViews.swift */,
				FE000000000000000000100F /* DiaryViews.swift */,
				FE0000000000000000001011 /* CommunityViews.swift */,
				FE0000000000000000001013 /* FarmView.swift */,
				FE0000000000000000001015 /* RegressionSuiteView.swift */,
				FE0000000000000000001017 /* FormulaViews.swift */,
				FE0000000000000000001019 /* PrototypeStore.swift */,
				FE000000000000000000101B /* PrototypeStore+Session.swift */,
				FE000000000000000000101D /* PrototypeStore+Formula.swift */,
				FE000000000000000000101F /* PrototypeStore+Ingredient.swift */,
				FE0000000000000000001021 /* PrototypeStore+Community.swift */,
				FE0000000000000000001023 /* PrototypeStore+Diary.swift */,
				FE0000000000000000001025 /* PrototypeStore+Regression.swift */,
				FE0000000000000000001027 /* CalculationEngine.swift */,
				FE0000000000000000001029 /* CorrectionEngine.swift */,
				FE000000000000000000102B /* Repositories.swift */,
				FE000000000000000000102D /* RecommendationExplanation.swift */,
				FE000000000000000000102F /* SimulationWorkspaceView.swift */,
				FE0000000000000000001031 /* SettingsHelpView.swift */,
				FE0000000000000000001033 /* ExportService.swift */,
				AA0000000000000000000008 /* Assets.xcassets */,
			);
			path = HanwooPrototype;
			sourceTree = "<group>";
		};
		TE00000000000000000000G0 /* HanwooPrototypeTests */ = {
			isa = PBXGroup;
			children = (
				TE00000000000000000000F1 /* TestSupport.swift */,
				TE00000000000000000000F2 /* CalculationEngineTests.swift */,
				TE00000000000000000000F3 /* ClassificationTests.swift */,
				TE00000000000000000000F4 /* CorrectionEngineTests.swift */,
				TE00000000000000000000F5 /* RepositoryTests.swift */,
			);
			path = HanwooPrototypeTests;
			sourceTree = "<group>";
		};
/* End PBXGroup section */

/* Begin PBXNativeTarget section */
		AA0000000000000000000005 /* HanwooPrototype */ = {
			isa = PBXNativeTarget;
			buildConfigurationList = AA0000000000000000000011 /* Build configuration list for PBXNativeTarget "HanwooPrototype" */;
			buildPhases = (
				AA0000000000000000000009 /* Sources */,
				AA000000000000000000000A /* Frameworks */,
				AA000000000000000000000B /* Resources */,
			);
			buildRules = (
			);
			dependencies = (
			);
			name = HanwooPrototype;
			productName = HanwooPrototype;
			productReference = AA0000000000000000000006 /* HanwooPrototype.app */;
			productType = "com.apple.product-type.application";
		};
		TE00000000000000000000T0 /* HanwooPrototypeTests */ = {
			isa = PBXNativeTarget;
			buildConfigurationList = TE00000000000000000000CL /* Build configuration list for PBXNativeTarget "HanwooPrototypeTests" */;
			buildPhases = (
				TE00000000000000000000P1 /* Sources */,
				TE00000000000000000000P2 /* Frameworks */,
			);
			buildRules = (
			);
			dependencies = (
				TE00000000000000000000D1 /* PBXTargetDependency */,
			);
			name = HanwooPrototypeTests;
			productName = HanwooPrototypeTests;
			productReference = TE00000000000000000000E0 /* HanwooPrototypeTests.xctest */;
			productType = "com.apple.product-type.bundle.unit-test";
		};
/* End PBXNativeTarget section */

/* Begin PBXProject section */
		AA0000000000000000000001 /* Project object */ = {
			isa = PBXProject;
			attributes = {
				BuildIndependentTargetsInParallel = 1;
				LastSwiftUpdateCheck = 2600;
				LastUpgradeCheck = 2600;
				TargetAttributes = {
					AA0000000000000000000005 = {
						CreatedOnToolsVersion = 26.3;
					};
					TE00000000000000000000T0 = {
						CreatedOnToolsVersion = 26.3;
						TestTargetID = AA0000000000000000000005;
					};
				};
			};
			buildConfigurationList = AA000000000000000000000E /* Build configuration list for PBXProject "HanwooPrototype" */;
			compatibilityVersion = "Xcode 15.0";
			developmentRegion = en;
			hasScannedForEncodings = 0;
			knownRegions = (
				en,
				Base,
			);
			mainGroup = AA0000000000000000000002;
			productRefGroup = AA0000000000000000000003 /* Products */;
			projectDirPath = "";
			projectRoot = "";
			targets = (
				AA0000000000000000000005 /* HanwooPrototype */,
				TE00000000000000000000T0 /* HanwooPrototypeTests */,
			);
		};
/* End PBXProject section */

/* Begin PBXResourcesBuildPhase section */
		AA000000000000000000000B /* Resources */ = {
			isa = PBXResourcesBuildPhase;
			buildActionMask = 2147483647;
			files = (
				AA000000000000000000000D /* Assets.xcassets in Resources */,
			);
			runOnlyForDeploymentPostprocessing = 0;
		};
/* End PBXResourcesBuildPhase section */

/* Begin PBXSourcesBuildPhase section */
		AA0000000000000000000009 /* Sources */ = {
			isa = PBXSourcesBuildPhase;
			buildActionMask = 2147483647;
			files = (
				AA000000000000000000000C /* HanwooPrototypeApp.swift in Sources */,
				AA0000000000000000000014 /* PrototypeStore+CalculationEngine.swift in Sources */,
				AA0000000000000000000015 /* PrototypeStore+CorrectionEngine.swift in Sources */,
				AA0000000000000000000018 /* IngredientCatalog.swift in Sources */,
				AA000000000000000000001A /* RecommendationViews.swift in Sources */,
				AA000000000000000000001C /* SupabaseService.swift in Sources */,
				AA000000000000000000001E /* DomainModels.swift in Sources */,
				FE0000000000000000001000 /* Formatting.swift in Sources */,
				FE0000000000000000001002 /* NutrientSupport.swift in Sources */,
				FE0000000000000000001004 /* UserIngredientViews.swift in Sources */,
				FE0000000000000000001006 /* IngredientPickerViews.swift in Sources */,
				FE0000000000000000001008 /* AuthViews.swift in Sources */,
				FE000000000000000000100A /* HomeView.swift in Sources */,
				FE000000000000000000100C /* AnalysisViews.swift in Sources */,
				FE000000000000000000100E /* DiaryViews.swift in Sources */,
				FE0000000000000000001010 /* CommunityViews.swift in Sources */,
				FE0000000000000000001012 /* FarmView.swift in Sources */,
				FE0000000000000000001014 /* RegressionSuiteView.swift in Sources */,
				FE0000000000000000001016 /* FormulaViews.swift in Sources */,
				FE0000000000000000001018 /* PrototypeStore.swift in Sources */,
				FE000000000000000000101A /* PrototypeStore+Session.swift in Sources */,
				FE000000000000000000101C /* PrototypeStore+Formula.swift in Sources */,
				FE000000000000000000101E /* PrototypeStore+Ingredient.swift in Sources */,
				FE0000000000000000001020 /* PrototypeStore+Community.swift in Sources */,
				FE0000000000000000001022 /* PrototypeStore+Diary.swift in Sources */,
				FE0000000000000000001024 /* PrototypeStore+Regression.swift in Sources */,
				FE0000000000000000001026 /* CalculationEngine.swift in Sources */,
				FE0000000000000000001028 /* CorrectionEngine.swift in Sources */,
				FE000000000000000000102A /* Repositories.swift in Sources */,
				FE000000000000000000102C /* RecommendationExplanation.swift in Sources */,
				FE000000000000000000102E /* SimulationWorkspaceView.swift in Sources */,
				FE0000000000000000001030 /* SettingsHelpView.swift in Sources */,
				FE0000000000000000001032 /* ExportService.swift in Sources */,
				AA0000000000000000000020 /* DesignSystem.swift in Sources */,
			);
			runOnlyForDeploymentPostprocessing = 0;
		};
		TE00000000000000000000P1 /* Sources */ = {
			isa = PBXSourcesBuildPhase;
			buildActionMask = 2147483647;
			files = (
				TE00000000000000000000B1 /* TestSupport.swift in Sources */,
				TE00000000000000000000B2 /* CalculationEngineTests.swift in Sources */,
				TE00000000000000000000B3 /* ClassificationTests.swift in Sources */,
				TE00000000000000000000B4 /* CorrectionEngineTests.swift in Sources */,
				TE00000000000000000000B5 /* RepositoryTests.swift in Sources */,
			);
			runOnlyForDeploymentPostprocessing = 0;
		};
/* End PBXSourcesBuildPhase section */

/* Begin PBXTargetDependency section */
		TE00000000000000000000D1 /* PBXTargetDependency */ = {
			isa = PBXTargetDependency;
			target = AA0000000000000000000005 /* HanwooPrototype */;
			targetProxy = TE00000000000000000000C1 /* PBXContainerItemProxy */;
		};
/* End PBXTargetDependency section */

/* Begin XCBuildConfiguration section */
		AA000000000000000000000F /* Debug */ = {
			isa = XCBuildConfiguration;
			buildSettings = {
				ALWAYS_SEARCH_USER_PATHS = NO;
				CLANG_ENABLE_MODULES = YES;
				COPY_PHASE_STRIP = NO;
				DEVELOPMENT_TEAM = "";
				ENABLE_STRICT_OBJC_MSGSEND = YES;
				GCC_C_LANGUAGE_STANDARD = gnu17;
				GENERATE_INFOPLIST_FILE = YES;
				MARKETING_VERSION = 0.1.0;
				PRODUCT_NAME = "$(TARGET_NAME)";
				SDKROOT = iphoneos;
				SWIFT_VERSION = 5.0;
			};
			name = Debug;
		};
		AA0000000000000000000010 /* Release */ = {
			isa = XCBuildConfiguration;
			buildSettings = {
				ALWAYS_SEARCH_USER_PATHS = NO;
				CLANG_ENABLE_MODULES = YES;
				COPY_PHASE_STRIP = NO;
				DEVELOPMENT_TEAM = "";
				ENABLE_STRICT_OBJC_MSGSEND = YES;
				GCC_C_LANGUAGE_STANDARD = gnu17;
				GENERATE_INFOPLIST_FILE = YES;
				MARKETING_VERSION = 0.1.0;
				PRODUCT_NAME = "$(TARGET_NAME)";
				SDKROOT = iphoneos;
				SWIFT_VERSION = 5.0;
			};
			name = Release;
		};
		AA0000000000000000000012 /* Debug */ = {
			isa = XCBuildConfiguration;
			buildSettings = {
				CODE_SIGN_STYLE = Automatic;
				CURRENT_PROJECT_VERSION = 1;
				DEVELOPMENT_TEAM = "";
				ENABLE_PREVIEWS = YES;
				GENERATE_INFOPLIST_FILE = YES;
				INFOPLIST_KEY_CFBundleDisplayName = "한우 사육";
				INFOPLIST_KEY_SUPABASE_ANON_KEY = "";
				INFOPLIST_KEY_SUPABASE_URL = "";
				INFOPLIST_KEY_UIApplicationSceneManifest_Generation = YES;
				INFOPLIST_KEY_UILaunchScreen_Generation = YES;
				INFOPLIST_KEY_UISupportedInterfaceOrientations_iPhone = UIInterfaceOrientationPortrait;
				IPHONEOS_DEPLOYMENT_TARGET = 17.0;
				LD_RUNPATH_SEARCH_PATHS = (
					"$(inherited)",
					"@executable_path/Frameworks",
				);
				MARKETING_VERSION = 0.1.0;
				ENABLE_TESTABILITY = YES;
				ONLY_ACTIVE_ARCH = YES;
				PRODUCT_BUNDLE_IDENTIFIER = com.jowm.HanwooPrototype;
				PRODUCT_NAME = "$(TARGET_NAME)";
				SDKROOT = iphoneos;
				SUPPORTED_PLATFORMS = "iphoneos iphonesimulator";
				SWIFT_EMIT_LOC_STRINGS = YES;
				SWIFT_OPTIMIZATION_LEVEL = "-Onone";
				SWIFT_VERSION = 5.0;
				TARGETED_DEVICE_FAMILY = 1;
			};
			name = Debug;
		};
		AA0000000000000000000013 /* Release */ = {
			isa = XCBuildConfiguration;
			buildSettings = {
				CODE_SIGN_STYLE = Automatic;
				CURRENT_PROJECT_VERSION = 1;
				DEVELOPMENT_TEAM = "";
				ENABLE_PREVIEWS = YES;
				GENERATE_INFOPLIST_FILE = YES;
				INFOPLIST_KEY_CFBundleDisplayName = "한우 사육";
				INFOPLIST_KEY_SUPABASE_ANON_KEY = "";
				INFOPLIST_KEY_SUPABASE_URL = "";
				INFOPLIST_KEY_UIApplicationSceneManifest_Generation = YES;
				INFOPLIST_KEY_UILaunchScreen_Generation = YES;
				INFOPLIST_KEY_UISupportedInterfaceOrientations_iPhone = UIInterfaceOrientationPortrait;
				IPHONEOS_DEPLOYMENT_TARGET = 17.0;
				LD_RUNPATH_SEARCH_PATHS = (
					"$(inherited)",
					"@executable_path/Frameworks",
				);
				MARKETING_VERSION = 0.1.0;
				PRODUCT_BUNDLE_IDENTIFIER = com.jowm.HanwooPrototype;
				PRODUCT_NAME = "$(TARGET_NAME)";
				SDKROOT = iphoneos;
				SUPPORTED_PLATFORMS = "iphoneos iphonesimulator";
				SWIFT_EMIT_LOC_STRINGS = YES;
				SWIFT_VERSION = 5.0;
				TARGETED_DEVICE_FAMILY = 1;
				VALIDATE_PRODUCT = YES;
			};
			name = Release;
		};
		TE00000000000000000000CD /* Debug */ = {
			isa = XCBuildConfiguration;
			buildSettings = {
				BUNDLE_LOADER = "$(TEST_HOST)";
				CODE_SIGN_STYLE = Automatic;
				CURRENT_PROJECT_VERSION = 1;
				GENERATE_INFOPLIST_FILE = YES;
				IPHONEOS_DEPLOYMENT_TARGET = 17.0;
				MARKETING_VERSION = 1.0;
				PRODUCT_BUNDLE_IDENTIFIER = com.jowm.HanwooPrototypeTests;
				PRODUCT_NAME = "$(TARGET_NAME)";
				SWIFT_EMIT_LOC_STRINGS = NO;
				ONLY_ACTIVE_ARCH = YES;
				SWIFT_ENABLE_EXPLICIT_MODULES = NO;
				SWIFT_INCLUDE_PATHS = "$(BUILT_PRODUCTS_DIR)";
				SWIFT_VERSION = 5.0;
				TARGETED_DEVICE_FAMILY = "1,2";
				TEST_HOST = "$(BUILT_PRODUCTS_DIR)/HanwooPrototype.app/HanwooPrototype";
			};
			name = Debug;
		};
		TE00000000000000000000CR /* Release */ = {
			isa = XCBuildConfiguration;
			buildSettings = {
				BUNDLE_LOADER = "$(TEST_HOST)";
				CODE_SIGN_STYLE = Automatic;
				CURRENT_PROJECT_VERSION = 1;
				GENERATE_INFOPLIST_FILE = YES;
				IPHONEOS_DEPLOYMENT_TARGET = 17.0;
				MARKETING_VERSION = 1.0;
				PRODUCT_BUNDLE_IDENTIFIER = com.jowm.HanwooPrototypeTests;
				PRODUCT_NAME = "$(TARGET_NAME)";
				SWIFT_EMIT_LOC_STRINGS = NO;
				ONLY_ACTIVE_ARCH = YES;
				SWIFT_ENABLE_EXPLICIT_MODULES = NO;
				SWIFT_INCLUDE_PATHS = "$(BUILT_PRODUCTS_DIR)";
				SWIFT_VERSION = 5.0;
				TARGETED_DEVICE_FAMILY = "1,2";
				TEST_HOST = "$(BUILT_PRODUCTS_DIR)/HanwooPrototype.app/HanwooPrototype";
			};
			name = Release;
		};
/* End XCBuildConfiguration section */

/* Begin XCConfigurationList section */
		AA000000000000000000000E /* Build configuration list for PBXProject "HanwooPrototype" */ = {
			isa = XCConfigurationList;
			buildConfigurations = (
				AA000000000000000000000F /* Debug */,
				AA0000000000000000000010 /* Release */,
			);
			defaultConfigurationIsVisible = 0;
			defaultConfigurationName = Release;
		};
		AA0000000000000000000011 /* Build configuration list for PBXNativeTarget "HanwooPrototype" */ = {
			isa = XCConfigurationList;
			buildConfigurations = (
				AA0000000000000000000012 /* Debug */,
				AA0000000000000000000013 /* Release */,
			);
			defaultConfigurationIsVisible = 0;
			defaultConfigurationName = Release;
		};
		TE00000000000000000000CL /* Build configuration list for PBXNativeTarget "HanwooPrototypeTests" */ = {
			isa = XCConfigurationList;
			buildConfigurations = (
				TE00000000000000000000CD /* Debug */,
				TE00000000000000000000CR /* Release */,
			);
			defaultConfigurationIsVisible = 0;
			defaultConfigurationName = Release;
		};
/* End XCConfigurationList section */
	};
	rootObject = AA0000000000000000000001 /* Project object */;
}
